
Microsoft Visual Studio Solution File, Format Version 12.00
Project("{2150E333-8FDC-42A3-9474-1A3956D46DE8}") = "src", "src", "{6FB9A3A6-FE18-45C3-9BA5-6D1EEA969334}"
EndProject
Project("{FAE04EC0-301F-11D3-BF4B-00C04F79EFBC}") = "BetterTravel.Services", "src\BetterTravel.Services\BetterTravel.Services.csproj", "{0FE7E377-0B00-4EB1-93F0-72852E4A28DF}"
EndProject
Project("{FAE04EC0-301F-11D3-BF4B-00C04F79EFBC}") = "BetterTravel.Common", "src\BetterTravel.Common\BetterTravel.Common.csproj", "{E50D961F-C157-424A-9723-64F529100CDA}"
EndProject
Project("{FAE04EC0-301F-11D3-BF4B-00C04F79EFBC}") = "BetterTravel.Infrastructure", "src\BetterTravel.Infrastructure\BetterTravel.Infrastructure.csproj", "{7AD3F822-5230-4349-B78F-913BB40F57EC}"
EndProject
Project("{FAE04EC0-301F-11D3-BF4B-00C04F79EFBC}") = "BetterTravel.DataAccess.EF", "src\BetterTravel.DataAccess.EF\BetterTravel.DataAccess.EF.csproj", "{089E1506-A2C6-4912-BB35-F0294AEBD2DD}"
EndProject
Project("{FAE04EC0-301F-11D3-BF4B-00C04F79EFBC}") = "BetterTravel.DataAccess.Abstractions", "src\BetterTravel.DataAccess.Abstractions\BetterTravel.DataAccess.Abstractions.csproj", "{794C8915-909B-46DB-AEA7-65B07F5ABE0C}"
EndProject
Project("{FAE04EC0-301F-11D3-BF4B-00C04F79EFBC}") = "BetterTravel.API", "src\BetterTravel.API\BetterTravel.API.csproj", "{F7E46616-CC4F-4AF3-9CD9-0586109455A8}"
EndProject
Project("{FAE04EC0-301F-11D3-BF4B-00C04F79EFBC}") = "docker-compose", "docker-compose.dcproj", "{7D9C1347-358B-44D1-8F8C-B5E94A4B2B47}"
EndProject
Project("{FAE04EC0-301F-11D3-BF4B-00C04F79EFBC}") = "BetterTravel.MediatR.Core", "src\BetterTravel.MediatR.Core\BetterTravel.MediatR.Core.csproj", "{F5E05681-7C89-44AF-BFE8-1A7C9B3352FA}"
EndProject
Project("{FAE04EC0-301F-11D3-BF4B-00C04F79EFBC}") = "BetterTravel.Queries", "src\BetterTravel.Queries\BetterTravel.Queries.csproj", "{AA5A9D28-7202-4454-81D0-BE626E299E3D}"
EndProject
Project("{FAE04EC0-301F-11D3-BF4B-00C04F79EFBC}") = "BetterTravel.Commands", "src\BetterTravel.Commands\BetterTravel.Commands.csproj", "{ABFEFDF6-F616-48A0-AF70-5786309A445F}"
EndProject
Global
	GlobalSection(SolutionConfigurationPlatforms) = preSolution
		Debug|Any CPU = Debug|Any CPU
		Release|Any CPU = Release|Any CPU
	EndGlobalSection
	GlobalSection(ProjectConfigurationPlatforms) = postSolution
		{0FE7E377-0B00-4EB1-93F0-72852E4A28DF}.Debug|Any CPU.ActiveCfg = Debug|Any CPU
		{0FE7E377-0B00-4EB1-93F0-72852E4A28DF}.Debug|Any CPU.Build.0 = Debug|Any CPU
		{0FE7E377-0B00-4EB1-93F0-72852E4A28DF}.Release|Any CPU.ActiveCfg = Release|Any CPU
		{0FE7E377-0B00-4EB1-93F0-72852E4A28DF}.Release|Any CPU.Build.0 = Release|Any CPU
		{E50D961F-C157-424A-9723-64F529100CDA}.Debug|Any CPU.ActiveCfg = Debug|Any CPU
		{E50D961F-C157-424A-9723-64F529100CDA}.Debug|Any CPU.Build.0 = Debug|Any CPU
		{E50D961F-C157-424A-9723-64F529100CDA}.Release|Any CPU.ActiveCfg = Release|Any CPU
		{E50D961F-C157-424A-9723-64F529100CDA}.Release|Any CPU.Build.0 = Release|Any CPU
		{7AD3F822-5230-4349-B78F-913BB40F57EC}.Debug|Any CPU.ActiveCfg = Debug|Any CPU
		{7AD3F822-5230-4349-B78F-913BB40F57EC}.Debug|Any CPU.Build.0 = Debug|Any CPU
		{7AD3F822-5230-4349-B78F-913BB40F57EC}.Release|Any CPU.ActiveCfg = Release|Any CPU
		{7AD3F822-5230-4349-B78F-913BB40F57EC}.Release|Any CPU.Build.0 = Release|Any CPU
		{089E1506-A2C6-4912-BB35-F0294AEBD2DD}.Debug|Any CPU.ActiveCfg = Debug|Any CPU
		{089E1506-A2C6-4912-BB35-F0294AEBD2DD}.Debug|Any CPU.Build.0 = Debug|Any CPU
		{089E1506-A2C6-4912-BB35-F0294AEBD2DD}.Release|Any CPU.ActiveCfg = Release|Any CPU
		{089E1506-A2C6-4912-BB35-F0294AEBD2DD}.Release|Any CPU.Build.0 = Release|Any CPU
		{794C8915-909B-46DB-AEA7-65B07F5ABE0C}.Debug|Any CPU.ActiveCfg = Debug|Any CPU
		{794C8915-909B-46DB-AEA7-65B07F5ABE0C}.Debug|Any CPU.Build.0 = Debug|Any CPU
		{794C8915-909B-46DB-AEA7-65B07F5ABE0C}.Release|Any CPU.ActiveCfg = Release|Any CPU
		{794C8915-909B-46DB-AEA7-65B07F5ABE0C}.Release|Any CPU.Build.0 = Release|Any CPU
		{F7E46616-CC4F-4AF3-9CD9-0586109455A8}.Debug|Any CPU.ActiveCfg = Debug|Any CPU
		{F7E46616-CC4F-4AF3-9CD9-0586109455A8}.Debug|Any CPU.Build.0 = Debug|Any CPU
		{F7E46616-CC4F-4AF3-9CD9-0586109455A8}.Release|Any CPU.ActiveCfg = Release|Any CPU
		{F7E46616-CC4F-4AF3-9CD9-0586109455A8}.Release|Any CPU.Build.0 = Release|Any CPU
		{F5E05681-7C89-44AF-BFE8-1A7C9B3352FA}.Debug|Any CPU.ActiveCfg = Debug|Any CPU
		{F5E05681-7C89-44AF-BFE8-1A7C9B3352FA}.Debug|Any CPU.Build.0 = Debug|Any CPU
		{F5E05681-7C89-44AF-BFE8-1A7C9B3352FA}.Release|Any CPU.ActiveCfg = Release|Any CPU
		{F5E05681-7C89-44AF-BFE8-1A7C9B3352FA}.Release|Any CPU.Build.0 = Release|Any CPU
		{AA5A9D28-7202-4454-81D0-BE626E299E3D}.Debug|Any CPU.ActiveCfg = Debug|Any CPU
		{AA5A9D28-7202-4454-81D0-BE626E299E3D}.Debug|Any CPU.Build.0 = Debug|Any CPU
		{AA5A9D28-7202-4454-81D0-BE626E299E3D}.Release|Any CPU.ActiveCfg = Release|Any CPU
		{AA5A9D28-7202-4454-81D0-BE626E299E3D}.Release|Any CPU.Build.0 = Release|Any CPU
		{ABFEFDF6-F616-48A0-AF70-5786309A445F}.Debug|Any CPU.ActiveCfg = Debug|Any CPU
		{ABFEFDF6-F616-48A0-AF70-5786309A445F}.Debug|Any CPU.Build.0 = Debug|Any CPU
		{ABFEFDF6-F616-48A0-AF70-5786309A445F}.Release|Any CPU.ActiveCfg = Release|Any CPU
		{ABFEFDF6-F616-48A0-AF70-5786309A445F}.Release|Any CPU.Build.0 = Release|Any CPU
	EndGlobalSection
	GlobalSection(NestedProjects) = preSolution
		{0FE7E377-0B00-4EB1-93F0-72852E4A28DF} = {6FB9A3A6-FE18-45C3-9BA5-6D1EEA969334}
		{E50D961F-C157-424A-9723-64F529100CDA} = {6FB9A3A6-FE18-45C3-9BA5-6D1EEA969334}
		{7AD3F822-5230-4349-B78F-913BB40F57EC} = {6FB9A3A6-FE18-45C3-9BA5-6D1EEA969334}
		{089E1506-A2C6-4912-BB35-F0294AEBD2DD} = {6FB9A3A6-FE18-45C3-9BA5-6D1EEA969334}
		{794C8915-909B-46DB-AEA7-65B07F5ABE0C} = {6FB9A3A6-FE18-45C3-9BA5-6D1EEA969334}
		{F5E05681-7C89-44AF-BFE8-1A7C9B3352FA} = {6FB9A3A6-FE18-45C3-9BA5-6D1EEA969334}
		{AA5A9D28-7202-4454-81D0-BE626E299E3D} = {6FB9A3A6-FE18-45C3-9BA5-6D1EEA969334}
		{ABFEFDF6-F616-48A0-AF70-5786309A445F} = {6FB9A3A6-FE18-45C3-9BA5-6D1EEA969334}
		{F7E46616-CC4F-4AF3-9CD9-0586109455A8} = {6FB9A3A6-FE18-45C3-9BA5-6D1EEA969334}
	EndGlobalSection
EndGlobal
