
Microsoft Visual Studio Solution File, Format Version 12.00
Project("{2150E333-8FDC-42A3-9474-1A3956D46DE8}") = "src", "src", "{6FB9A3A6-FE18-45C3-9BA5-6D1EEA969334}"
EndProject
Project("{FAE04EC0-301F-11D3-BF4B-00C04F79EFBC}") = "better-travel.Console", "src\better-travel.Console\better-travel.Console.csproj", "{CD267DE7-BC06-4BCF-941D-C06C9E5ED024}"
EndProject
Global
	GlobalSection(SolutionConfigurationPlatforms) = preSolution
		Debug|Any CPU = Debug|Any CPU
		Release|Any CPU = Release|Any CPU
	EndGlobalSection
	GlobalSection(ProjectConfigurationPlatforms) = postSolution
		{CD267DE7-BC06-4BCF-941D-C06C9E5ED024}.Debug|Any CPU.ActiveCfg = Debug|Any CPU
		{CD267DE7-BC06-4BCF-941D-C06C9E5ED024}.Debug|Any CPU.Build.0 = Debug|Any CPU
		{CD267DE7-BC06-4BCF-941D-C06C9E5ED024}.Release|Any CPU.ActiveCfg = Release|Any CPU
		{CD267DE7-BC06-4BCF-941D-C06C9E5ED024}.Release|Any CPU.Build.0 = Release|Any CPU
	EndGlobalSection
	GlobalSection(NestedProjects) = preSolution
		{CD267DE7-BC06-4BCF-941D-C06C9E5ED024} = {6FB9A3A6-FE18-45C3-9BA5-6D1EEA969334}
	EndGlobalSection
EndGlobal
