
Microsoft Visual Studio Solution File, Format Version 12.00
Project("{2150E333-8FDC-42A3-9474-1A3956D46DE8}") = "src", "src", "{6FB9A3A6-FE18-45C3-9BA5-6D1EEA969334}"
EndProject
Project("{FAE04EC0-301F-11D3-BF4B-00C04F79EFBC}") = "BetterTravel.Console", "src\BetterTravel.Console\BetterTravel.Console.csproj", "{CD267DE7-BC06-4BCF-941D-C06C9E5ED024}"
EndProject
Project("{FAE04EC0-301F-11D3-BF4B-00C04F79EFBC}") = "BetterTravel.Services", "src\BetterTravel.Services\BetterTravel.Services.csproj", "{0FE7E377-0B00-4EB1-93F0-72852E4A28DF}"
EndProject
Project("{FAE04EC0-301F-11D3-BF4B-00C04F79EFBC}") = "BetterTravel.Domain", "src\BetterTravel.Domain\BetterTravel.Domain.csproj", "{87CF8F88-1085-4660-967A-D63EF4BA1148}"
EndProject
Project("{FAE04EC0-301F-11D3-BF4B-00C04F79EFBC}") = "BetterTravel.Common", "src\BetterTravel.Common\BetterTravel.Common.csproj", "{E50D961F-C157-424A-9723-64F529100CDA}"
EndProject
Project("{FAE04EC0-301F-11D3-BF4B-00C04F79EFBC}") = "BetterTravel.Infrastructure", "src\BetterTravel.Infrastructure\BetterTravel.Infrastructure.csproj", "{7AD3F822-5230-4349-B78F-913BB40F57EC}"
EndProject
Project("{FAE04EC0-301F-11D3-BF4B-00C04F79EFBC}") = "BetterTravel.DataAccess.EF", "src\BetterTravel.DataAccess.EF\BetterTravel.DataAccess.EF.csproj", "{089E1506-A2C6-4912-BB35-F0294AEBD2DD}"
EndProject
Project("{FAE04EC0-301F-11D3-BF4B-00C04F79EFBC}") = "BetterTravel.DataAccess.Abstractions", "src\BetterTravel.DataAccess.Abstractions\BetterTravel.DataAccess.Abstractions.csproj", "{794C8915-909B-46DB-AEA7-65B07F5ABE0C}"
EndProject
Global
	GlobalSection(SolutionConfigurationPlatforms) = preSolution
		Debug|Any CPU = Debug|Any CPU
		Release|Any CPU = Release|Any CPU
	EndGlobalSection
	GlobalSection(ProjectConfigurationPlatforms) = postSolution
		{CD267DE7-BC06-4BCF-941D-C06C9E5ED024}.Debug|Any CPU.ActiveCfg = Debug|Any CPU
		{CD267DE7-BC06-4BCF-941D-C06C9E5ED024}.Debug|Any CPU.Build.0 = Debug|Any CPU
		{CD267DE7-BC06-4BCF-941D-C06C9E5ED024}.Release|Any CPU.ActiveCfg = Release|Any CPU
		{CD267DE7-BC06-4BCF-941D-C06C9E5ED024}.Release|Any CPU.Build.0 = Release|Any CPU
		{0FE7E377-0B00-4EB1-93F0-72852E4A28DF}.Debug|Any CPU.ActiveCfg = Debug|Any CPU
		{0FE7E377-0B00-4EB1-93F0-72852E4A28DF}.Debug|Any CPU.Build.0 = Debug|Any CPU
		{0FE7E377-0B00-4EB1-93F0-72852E4A28DF}.Release|Any CPU.ActiveCfg = Release|Any CPU
		{0FE7E377-0B00-4EB1-93F0-72852E4A28DF}.Release|Any CPU.Build.0 = Release|Any CPU
		{87CF8F88-1085-4660-967A-D63EF4BA1148}.Debug|Any CPU.ActiveCfg = Debug|Any CPU
		{87CF8F88-1085-4660-967A-D63EF4BA1148}.Debug|Any CPU.Build.0 = Debug|Any CPU
		{87CF8F88-1085-4660-967A-D63EF4BA1148}.Release|Any CPU.ActiveCfg = Release|Any CPU
		{87CF8F88-1085-4660-967A-D63EF4BA1148}.Release|Any CPU.Build.0 = Release|Any CPU
		{E50D961F-C157-424A-9723-64F529100CDA}.Debug|Any CPU.ActiveCfg = Debug|Any CPU
		{E50D961F-C157-424A-9723-64F529100CDA}.Debug|Any CPU.Build.0 = Debug|Any CPU
		{E50D961F-C157-424A-9723-64F529100CDA}.Release|Any CPU.ActiveCfg = Release|Any CPU
		{E50D961F-C157-424A-9723-64F529100CDA}.Release|Any CPU.Build.0 = Release|Any CPU
		{7AD3F822-5230-4349-B78F-913BB40F57EC}.Debug|Any CPU.ActiveCfg = Debug|Any CPU
		{7AD3F822-5230-4349-B78F-913BB40F57EC}.Debug|Any CPU.Build.0 = Debug|Any CPU
		{7AD3F822-5230-4349-B78F-913BB40F57EC}.Release|Any CPU.ActiveCfg = Release|Any CPU
		{7AD3F822-5230-4349-B78F-913BB40F57EC}.Release|Any CPU.Build.0 = Release|Any CPU
		{089E1506-A2C6-4912-BB35-F0294AEBD2DD}.Debug|Any CPU.ActiveCfg = Debug|Any CPU
		{089E1506-A2C6-4912-BB35-F0294AEBD2DD}.Debug|Any CPU.Build.0 = Debug|Any CPU
		{089E1506-A2C6-4912-BB35-F0294AEBD2DD}.Release|Any CPU.ActiveCfg = Release|Any CPU
		{089E1506-A2C6-4912-BB35-F0294AEBD2DD}.Release|Any CPU.Build.0 = Release|Any CPU
		{794C8915-909B-46DB-AEA7-65B07F5ABE0C}.Debug|Any CPU.ActiveCfg = Debug|Any CPU
		{794C8915-909B-46DB-AEA7-65B07F5ABE0C}.Debug|Any CPU.Build.0 = Debug|Any CPU
		{794C8915-909B-46DB-AEA7-65B07F5ABE0C}.Release|Any CPU.ActiveCfg = Release|Any CPU
		{794C8915-909B-46DB-AEA7-65B07F5ABE0C}.Release|Any CPU.Build.0 = Release|Any CPU
	EndGlobalSection
	GlobalSection(NestedProjects) = preSolution
		{CD267DE7-BC06-4BCF-941D-C06C9E5ED024} = {6FB9A3A6-FE18-45C3-9BA5-6D1EEA969334}
		{0FE7E377-0B00-4EB1-93F0-72852E4A28DF} = {6FB9A3A6-FE18-45C3-9BA5-6D1EEA969334}
		{87CF8F88-1085-4660-967A-D63EF4BA1148} = {6FB9A3A6-FE18-45C3-9BA5-6D1EEA969334}
		{E50D961F-C157-424A-9723-64F529100CDA} = {6FB9A3A6-FE18-45C3-9BA5-6D1EEA969334}
		{7AD3F822-5230-4349-B78F-913BB40F57EC} = {6FB9A3A6-FE18-45C3-9BA5-6D1EEA969334}
		{089E1506-A2C6-4912-BB35-F0294AEBD2DD} = {6FB9A3A6-FE18-45C3-9BA5-6D1EEA969334}
		{794C8915-909B-46DB-AEA7-65B07F5ABE0C} = {6FB9A3A6-FE18-45C3-9BA5-6D1EEA969334}
	EndGlobalSection
EndGlobal
